<?xml version="1.0" encoding="utf-8"?>
<Project ToolsVersion="16.0" xmlns="http://schemas.microsoft.com/developer/msbuild/2003">
  <ItemGroup>
    <ClCompile Include="C:\Users\ASUS\Downloads\UPuzzleGame\minikit\examples\01_HelloWindow\01_HelloWindow.cpp">
      <Filter>Source Files</Filter>
    </ClCompile>
  </ItemGroup>
  <ItemGroup>
    <CustomBuild Include="C:\Users\ASUS\Downloads\UPuzzleGame\minikit\examples\01_HelloWindow\CMakeLists.txt" />
  </ItemGroup>
  <ItemGroup>
    <Filter Include="Source Files">
      <UniqueIdentifier>{DB52C331-BF2D-3F80-8E2D-7923A478CBDC}</UniqueIdentifier>
    </Filter>
  </ItemGroup>
</Project>
