<?xml version="1.0" encoding="utf-8"?>
<Project ToolsVersion="16.0" xmlns="http://schemas.microsoft.com/developer/msbuild/2003">
  <ItemGroup>
    <ClCompile Include="C:\Users\ASUS\Downloads\UPuzzleGame\game\src\main.cpp">
      <Filter>Source Files</Filter>
    </ClCompile>
    <ClCompile Include="C:\Users\ASUS\Downloads\UPuzzleGame\game\src\GameLogic\Game.cpp">
      <Filter>Source Files</Filter>
    </ClCompile>
    <ClCompile Include="C:\Users\ASUS\Downloads\UPuzzleGame\game\src\GameLogic\Grid.cpp">
      <Filter>Source Files</Filter>
    </ClCompile>
    <ClCompile Include="C:\Users\ASUS\Downloads\UPuzzleGame\game\src\GameLogic\Tetromino.cpp">
      <Filter>Source Files</Filter>
    </ClCompile>
    <ClCompile Include="C:\Users\ASUS\Downloads\UPuzzleGame\game\src\GameLogic\Score.cpp">
      <Filter>Source Files</Filter>
    </ClCompile>
    <ClCompile Include="C:\Users\ASUS\Downloads\UPuzzleGame\game\src\GameLogic\PauseResumeState.cpp">
      <Filter>Source Files</Filter>
    </ClCompile>
    <ClCompile Include="C:\Users\ASUS\Downloads\UPuzzleGame\game\src\GameLogic\GameHUD.cpp">
      <Filter>Source Files</Filter>
    </ClCompile>
  </ItemGroup>
  <ItemGroup>
    <ClInclude Include="C:\Users\ASUS\Downloads\UPuzzleGame\game\src\GameLogic\Game.hpp">
      <Filter>Header Files</Filter>
    </ClInclude>
    <ClInclude Include="C:\Users\ASUS\Downloads\UPuzzleGame\game\src\GameLogic\Grid.hpp">
      <Filter>Header Files</Filter>
    </ClInclude>
    <ClInclude Include="C:\Users\ASUS\Downloads\UPuzzleGame\game\src\GameLogic\Tetromino.hpp">
      <Filter>Header Files</Filter>
    </ClInclude>
    <ClInclude Include="C:\Users\ASUS\Downloads\UPuzzleGame\game\src\GameLogic\Score.hpp">
      <Filter>Header Files</Filter>
    </ClInclude>
    <ClInclude Include="C:\Users\ASUS\Downloads\UPuzzleGame\game\src\GameLogic\PauseResumeState.hpp">
      <Filter>Header Files</Filter>
    </ClInclude>
    <ClInclude Include="C:\Users\ASUS\Downloads\UPuzzleGame\game\src\GameLogic\GameHUD.hpp">
      <Filter>Header Files</Filter>
    </ClInclude>
  </ItemGroup>
  <ItemGroup>
    <CustomBuild Include="C:\Users\ASUS\Downloads\UPuzzleGame\game\src\CMakeLists.txt" />
  </ItemGroup>
  <ItemGroup>
    <ResourceCompile Include="C:\Users\ASUS\Downloads\UPuzzleGame\game\assets\images\tetris_icon.rc">
      <Filter>Source Files</Filter>
    </ResourceCompile>
  </ItemGroup>
  <ItemGroup>
    <Filter Include="Header Files">
      <UniqueIdentifier>{35308E16-6D4E-3A4B-81E6-131F83D7F2C3}</UniqueIdentifier>
    </Filter>
    <Filter Include="Source Files">
      <UniqueIdentifier>{DB52C331-BF2D-3F80-8E2D-7923A478CBDC}</UniqueIdentifier>
    </Filter>
  </ItemGroup>
</Project>
