<?xml version="1.0" encoding="utf-8"?>
<Project ToolsVersion="16.0" xmlns="http://schemas.microsoft.com/developer/msbuild/2003">
  <ItemGroup>
    <ClCompile Include="C:\Users\ASUS\Downloads\UPuzzleGame\build\minikit\framework\CMakeFiles\MiniKit.Framework.dir\cmake_pch.cxx">
      <Filter>Source Files</Filter>
    </ClCompile>
    <ClCompile Include="C:\Users\ASUS\Downloads\UPuzzleGame\minikit\framework\src\Foundation\Error.cpp">
      <Filter>Source Files\Foundation</Filter>
    </ClCompile>
    <ClCompile Include="C:\Users\ASUS\Downloads\UPuzzleGame\minikit\framework\src\Engine\Context.cpp">
      <Filter>Source Files\Engine</Filter>
    </ClCompile>
    <ClCompile Include="C:\Users\ASUS\Downloads\UPuzzleGame\minikit\framework\src\Platform\Window.cpp">
      <Filter>Source Files\Platform</Filter>
    </ClCompile>
    <ClCompile Include="C:\Users\ASUS\Downloads\UPuzzleGame\minikit\framework\src\Engine\Common\Context.cpp">
      <Filter>Source Files\Engine\Common</Filter>
    </ClCompile>
    <ClCompile Include="C:\Users\ASUS\Downloads\UPuzzleGame\minikit\framework\src\Graphics\D3D11\CommandBuffer.cpp">
      <Filter>Source Files\Graphics\D3D11</Filter>
    </ClCompile>
    <ClCompile Include="C:\Users\ASUS\Downloads\UPuzzleGame\minikit\framework\src\Graphics\D3D11\Device.cpp">
      <Filter>Source Files\Graphics\D3D11</Filter>
    </ClCompile>
    <ClCompile Include="C:\Users\ASUS\Downloads\UPuzzleGame\minikit\framework\src\Graphics\D3D11\Image.cpp">
      <Filter>Source Files\Graphics\D3D11</Filter>
    </ClCompile>
    <ClCompile Include="C:\Users\ASUS\Downloads\UPuzzleGame\minikit\framework\src\Graphics\D3D11\WICTextureLoader11.cpp">
      <Filter>Source Files\Graphics\D3D11</Filter>
    </ClCompile>
  </ItemGroup>
  <ItemGroup>
    <ClInclude Include="C:\Users\ASUS\Downloads\UPuzzleGame\minikit\framework\include\MiniKit\MiniKit.hpp">
      <Filter>Header Files\MiniKit</Filter>
    </ClInclude>
    <ClInclude Include="C:\Users\ASUS\Downloads\UPuzzleGame\minikit\framework\include\MiniKit\Foundation\Predef.hpp">
      <Filter>Header Files\MiniKit\Foundation</Filter>
    </ClInclude>
    <ClInclude Include="C:\Users\ASUS\Downloads\UPuzzleGame\minikit\framework\include\MiniKit\Foundation\Noncopyable.hpp">
      <Filter>Header Files\MiniKit\Foundation</Filter>
    </ClInclude>
    <ClInclude Include="C:\Users\ASUS\Downloads\UPuzzleGame\minikit\framework\include\MiniKit\Foundation\Object.hpp">
      <Filter>Header Files\MiniKit\Foundation</Filter>
    </ClInclude>
    <ClInclude Include="C:\Users\ASUS\Downloads\UPuzzleGame\minikit\framework\include\MiniKit\Foundation\Error.hpp">
      <Filter>Header Files\MiniKit\Foundation</Filter>
    </ClInclude>
    <ClInclude Include="C:\Users\ASUS\Downloads\UPuzzleGame\minikit\framework\include\MiniKit\Engine\Context.hpp">
      <Filter>Header Files\MiniKit\Engine</Filter>
    </ClInclude>
    <ClInclude Include="C:\Users\ASUS\Downloads\UPuzzleGame\minikit\framework\include\MiniKit\Engine\ContextSubObject.hpp">
      <Filter>Header Files\MiniKit\Engine</Filter>
    </ClInclude>
    <ClInclude Include="C:\Users\ASUS\Downloads\UPuzzleGame\minikit\framework\include\MiniKit\Graphics\CommandBuffer.hpp">
      <Filter>Header Files\MiniKit\Graphics</Filter>
    </ClInclude>
    <ClInclude Include="C:\Users\ASUS\Downloads\UPuzzleGame\minikit\framework\include\MiniKit\Graphics\Device.hpp">
      <Filter>Header Files\MiniKit\Graphics</Filter>
    </ClInclude>
    <ClInclude Include="C:\Users\ASUS\Downloads\UPuzzleGame\minikit\framework\include\MiniKit\Graphics\DeviceSubObject.hpp">
      <Filter>Header Files\MiniKit\Graphics</Filter>
    </ClInclude>
    <ClInclude Include="C:\Users\ASUS\Downloads\UPuzzleGame\minikit\framework\include\MiniKit\Graphics\Image.hpp">
      <Filter>Header Files\MiniKit\Graphics</Filter>
    </ClInclude>
    <ClInclude Include="C:\Users\ASUS\Downloads\UPuzzleGame\minikit\framework\include\MiniKit\Graphics\Numerics.hpp">
      <Filter>Header Files\MiniKit\Graphics</Filter>
    </ClInclude>
    <ClInclude Include="C:\Users\ASUS\Downloads\UPuzzleGame\minikit\framework\include\MiniKit\Platform\Keyboard.hpp">
      <Filter>Header Files\MiniKit\Platform</Filter>
    </ClInclude>
    <ClInclude Include="C:\Users\ASUS\Downloads\UPuzzleGame\minikit\framework\include\MiniKit\Platform\Mouse.hpp">
      <Filter>Header Files\MiniKit\Platform</Filter>
    </ClInclude>
    <ClInclude Include="C:\Users\ASUS\Downloads\UPuzzleGame\minikit\framework\include\MiniKit\Platform\Responder.hpp">
      <Filter>Header Files\MiniKit\Platform</Filter>
    </ClInclude>
    <ClInclude Include="C:\Users\ASUS\Downloads\UPuzzleGame\minikit\framework\include\MiniKit\Platform\Window.hpp">
      <Filter>Header Files\MiniKit\Platform</Filter>
    </ClInclude>
    <ClInclude Include="C:\Users\ASUS\Downloads\UPuzzleGame\minikit\framework\src\Engine\Context.hpp">
      <Filter>Source Files\Engine</Filter>
    </ClInclude>
    <ClInclude Include="C:\Users\ASUS\Downloads\UPuzzleGame\minikit\framework\src\Graphics\CommandBuffer.hpp">
      <Filter>Source Files\Graphics</Filter>
    </ClInclude>
    <ClInclude Include="C:\Users\ASUS\Downloads\UPuzzleGame\minikit\framework\src\Graphics\Device.hpp">
      <Filter>Source Files\Graphics</Filter>
    </ClInclude>
    <ClInclude Include="C:\Users\ASUS\Downloads\UPuzzleGame\minikit\framework\src\Graphics\Image.hpp">
      <Filter>Source Files\Graphics</Filter>
    </ClInclude>
    <ClInclude Include="C:\Users\ASUS\Downloads\UPuzzleGame\minikit\framework\src\Platform\Window.hpp">
      <Filter>Source Files\Platform</Filter>
    </ClInclude>
    <ClInclude Include="C:\Users\ASUS\Downloads\UPuzzleGame\minikit\framework\src\Graphics\D3D11\Arguments.hpp">
      <Filter>Source Files\Graphics\D3D11</Filter>
    </ClInclude>
    <ClInclude Include="C:\Users\ASUS\Downloads\UPuzzleGame\minikit\framework\src\Graphics\D3D11\CommandBuffer.hpp">
      <Filter>Source Files\Graphics\D3D11</Filter>
    </ClInclude>
    <ClInclude Include="C:\Users\ASUS\Downloads\UPuzzleGame\minikit\framework\src\Graphics\D3D11\Device.hpp">
      <Filter>Source Files\Graphics\D3D11</Filter>
    </ClInclude>
    <ClInclude Include="C:\Users\ASUS\Downloads\UPuzzleGame\minikit\framework\src\Graphics\D3D11\Image.hpp">
      <Filter>Source Files\Graphics\D3D11</Filter>
    </ClInclude>
    <ClInclude Include="C:\Users\ASUS\Downloads\UPuzzleGame\minikit\framework\src\Graphics\D3D11\WICTextureLoader11.hpp">
      <Filter>Source Files\Graphics\D3D11</Filter>
    </ClInclude>
    <ClInclude Include="C:\Users\ASUS\Downloads\UPuzzleGame\build\minikit\framework\CMakeFiles\MiniKit.Framework.dir\Debug\cmake_pch.hxx">
      <Filter>Precompile Header File</Filter>
    </ClInclude>
    <ClInclude Include="C:\Users\ASUS\Downloads\UPuzzleGame\build\minikit\framework\CMakeFiles\MiniKit.Framework.dir\Release\cmake_pch.hxx">
      <Filter>Precompile Header File</Filter>
    </ClInclude>
  </ItemGroup>
  <ItemGroup>
    <CustomBuild Include="C:\Users\ASUS\Downloads\UPuzzleGame\minikit\framework\CMakeLists.txt" />
  </ItemGroup>
  <ItemGroup>
    <Filter Include="Header Files">
      <UniqueIdentifier>{35308E16-6D4E-3A4B-81E6-131F83D7F2C3}</UniqueIdentifier>
    </Filter>
    <Filter Include="Header Files\MiniKit">
      <UniqueIdentifier>{59876F28-3323-3970-85E4-E9F125489595}</UniqueIdentifier>
    </Filter>
    <Filter Include="Header Files\MiniKit\Engine">
      <UniqueIdentifier>{F24AB172-948D-326F-814C-0D5283743EB8}</UniqueIdentifier>
    </Filter>
    <Filter Include="Header Files\MiniKit\Foundation">
      <UniqueIdentifier>{92136DB3-E550-3BE3-825C-DFE344EC4964}</UniqueIdentifier>
    </Filter>
    <Filter Include="Header Files\MiniKit\Graphics">
      <UniqueIdentifier>{5D256720-308C-3598-80B3-1B162108BD6A}</UniqueIdentifier>
    </Filter>
    <Filter Include="Header Files\MiniKit\Platform">
      <UniqueIdentifier>{842BC9ED-3BEF-37E7-9D22-CF32C19BB212}</UniqueIdentifier>
    </Filter>
    <Filter Include="Precompile Header File">
      <UniqueIdentifier>{F448D7A4-9EE4-31EC-8EB9-8259A2C32149}</UniqueIdentifier>
    </Filter>
    <Filter Include="Source Files">
      <UniqueIdentifier>{DB52C331-BF2D-3F80-8E2D-7923A478CBDC}</UniqueIdentifier>
    </Filter>
    <Filter Include="Source Files\Engine">
      <UniqueIdentifier>{F1589AA9-99F2-32CC-A7A5-23646B8D8044}</UniqueIdentifier>
    </Filter>
    <Filter Include="Source Files\Engine\Common">
      <UniqueIdentifier>{8B0FD879-1250-3455-83F9-0D6E5AC2075C}</UniqueIdentifier>
    </Filter>
    <Filter Include="Source Files\Foundation">
      <UniqueIdentifier>{2A98A848-3352-3A8C-92AF-57FA40101053}</UniqueIdentifier>
    </Filter>
    <Filter Include="Source Files\Graphics">
      <UniqueIdentifier>{C0BCCB9B-FD13-312F-9F31-4EB3EE43C542}</UniqueIdentifier>
    </Filter>
    <Filter Include="Source Files\Graphics\D3D11">
      <UniqueIdentifier>{DC2A1A6C-F0F8-3C8F-A10D-F56FFDF620A0}</UniqueIdentifier>
    </Filter>
    <Filter Include="Source Files\Platform">
      <UniqueIdentifier>{C5D9119C-4128-386D-8F98-56E02FF79123}</UniqueIdentifier>
    </Filter>
  </ItemGroup>
</Project>
